<?xml version="1.0" encoding="utf-8"?>
<Project ToolsVersion="4.0" xmlns="http://schemas.microsoft.com/developer/msbuild/2003">
  <ItemGroup>
    <Filter Include="源文件">
      <UniqueIdentifier>{4FC737F1-C7A5-4376-A066-2A32D752A2FF}</UniqueIdentifier>
      <Extensions>cpp;c;cc;cxx;def;odl;idl;hpj;bat;asm;asmx</Extensions>
    </Filter>
    <Filter Include="头文件">
      <UniqueIdentifier>{93995380-89BD-4b04-88EB-625FBE52EBFB}</UniqueIdentifier>
      <Extensions>h;hh;hpp;hxx;hm;inl;inc;ipp;xsd</Extensions>
    </Filter>
    <Filter Include="资源文件">
      <UniqueIdentifier>{67DA6AB6-F800-4c08-8B7A-83BB121AAD01}</UniqueIdentifier>
      <Extensions>rc;ico;cur;bmp;dlg;rc2;rct;bin;rgs;gif;jpg;jpeg;jpe;resx;tiff;tif;png;wav;mfcribbon-ms</Extensions>
    </Filter>
  </ItemGroup>
  <ItemGroup>
    <ClCompile Include="main.cpp">
      <Filter>源文件</Filter>
    </ClCompile>
    <ClCompile Include="Mesh_1D2.cpp">
      <Filter>源文件</Filter>
    </ClCompile>
    <ClCompile Include="CMManager.cpp">
      <Filter>源文件</Filter>
    </ClCompile>
    <ClCompile Include="LinearElasticity.cpp">
      <Filter>源文件</Filter>
    </ClCompile>
    <ClCompile Include="OutputRequest.cpp">
      <Filter>源文件</Filter>
    </ClCompile>
    <ClCompile Include="TmpDataFile.cpp">
      <Filter>源文件</Filter>
    </ClCompile>
    <ClCompile Include="Particle_1D_Mechanics.cpp">
      <Filter>源文件</Filter>
    </ClCompile>
    <ClCompile Include="Base.cpp">
      <Filter>源文件</Filter>
    </ClCompile>
    <ClCompile Include="Solver_1D_Mechanics_1D2_Explicit_FixedMem.cpp">
      <Filter>源文件</Filter>
    </ClCompile>
    <ClCompile Include="MemoryManager.cpp">
      <Filter>源文件</Filter>
    </ClCompile>
    <ClCompile Include="ObjectByMesh_T2D3.cpp">
      <Filter>源文件</Filter>
    </ClCompile>
    <ClCompile Include="Mesh_R2D4.cpp">
      <Filter>源文件</Filter>
    </ClCompile>
    <ClCompile Include="Particle_2D_Mechanics.cpp">
      <Filter>源文件</Filter>
    </ClCompile>
    <ClCompile Include="Solver_2DPlaneStrain_Mechanics_R2D4_Explicit_FixedMem.cpp">
      <Filter>源文件</Filter>
    </ClCompile>
    <ClCompile Include="Solver_2DPlaneStrain_Mechanics_test_models.cpp">
      <Filter>源文件</Filter>
    </ClCompile>
    <ClCompile Include="test_funcs.cpp">
      <Filter>源文件</Filter>
    </ClCompile>
    <ClCompile Include="BoundaryCondition.cpp">
      <Filter>源文件</Filter>
    </ClCompile>
    <ClCompile Include="Solver_1D_Mechanics_test_models.cpp">
      <Filter>源文件</Filter>
    </ClCompile>
    <ClCompile Include="ObjectOutput_1D_Mechanics.cpp">
      <Filter>源文件</Filter>
    </ClCompile>
    <ClCompile Include="ObjectOutput_2D_Mechanics.cpp">
      <Filter>源文件</Filter>
    </ClCompile>
    <ClCompile Include="TmpDataToHdf5.cpp">
      <Filter>源文件</Filter>
    </ClCompile>
    <ClCompile Include="Particle_1D_Hydromechanics.cpp">
      <Filter>源文件</Filter>
    </ClCompile>
    <ClCompile Include="ObjectOutput_1D_Hydromechanics.cpp">
      <Filter>源文件</Filter>
    </ClCompile>
    <ClCompile Include="Solver_1D_Hydromechanics_test_models.cpp">
      <Filter>源文件</Filter>
    </ClCompile>
    <ClCompile Include="Solver_1D_Hydromechanics_1D2_Explicit_FixedMem.cpp">
      <Filter>源文件</Filter>
    </ClCompile>
  </ItemGroup>
  <ItemGroup>
    <ClInclude Include="CMManager.h">
      <Filter>头文件</Filter>
    </ClInclude>
    <ClInclude Include="ConstitutiveModel.h">
      <Filter>头文件</Filter>
    </ClInclude>
    <ClInclude Include="Element_1D2.h">
      <Filter>头文件</Filter>
    </ClInclude>
    <ClInclude Include="GaussIntegrationMacro.h">
      <Filter>头文件</Filter>
    </ClInclude>
    <ClInclude Include="ItemStackTemplate.hpp">
      <Filter>头文件</Filter>
    </ClInclude>
    <ClInclude Include="Mesh_1D2.h">
      <Filter>头文件</Filter>
    </ClInclude>
    <ClInclude Include="Node_1D.h">
      <Filter>头文件</Filter>
    </ClInclude>
    <ClInclude Include="utilities.hpp">
      <Filter>头文件</Filter>
    </ClInclude>
    <ClInclude Include="LinearElasticityModel.h">
      <Filter>头文件</Filter>
    </ClInclude>
    <ClInclude Include="OutputRequest.h">
      <Filter>头文件</Filter>
    </ClInclude>
    <ClInclude Include="TmpDataFile.h">
      <Filter>头文件</Filter>
    </ClInclude>
    <ClInclude Include="Particle_1D_Mechanics.h">
      <Filter>头文件</Filter>
    </ClInclude>
    <ClInclude Include="Mesh.h">
      <Filter>头文件</Filter>
    </ClInclude>
    <ClInclude Include="Particle.h">
      <Filter>头文件</Filter>
    </ClInclude>
    <ClInclude Include="MemoryPoolTemplate.hpp">
      <Filter>头文件</Filter>
    </ClInclude>
    <ClInclude Include="Solver_1D_Mechanics_1D2_Explicit_FixedMem.h">
      <Filter>头文件</Filter>
    </ClInclude>
    <ClInclude Include="MemoryManager.h">
      <Filter>头文件</Filter>
    </ClInclude>
    <ClInclude Include="Solver.h">
      <Filter>头文件</Filter>
    </ClInclude>
    <ClInclude Include="Element_R2D4.h">
      <Filter>头文件</Filter>
    </ClInclude>
    <ClInclude Include="ObjectByMesh_T2D3.h">
      <Filter>头文件</Filter>
    </ClInclude>
    <ClInclude Include="Particle_1D_Hydromechanics.h">
      <Filter>头文件</Filter>
    </ClInclude>
    <ClInclude Include="Mesh_R2D4.h">
      <Filter>头文件</Filter>
    </ClInclude>
    <ClInclude Include="Node_R2D.h">
      <Filter>头文件</Filter>
    </ClInclude>
    <ClInclude Include="Particle_2D_Mechanics.h">
      <Filter>头文件</Filter>
    </ClInclude>
    <ClInclude Include="Solver_2DPlaneStrain_Mechanics_R2D4_Explicit_FixedMem.h">
      <Filter>头文件</Filter>
    </ClInclude>
    <ClInclude Include="TimeCurve.h">
      <Filter>头文件</Filter>
    </ClInclude>
    <ClInclude Include="BoundaryCondition.h">
      <Filter>头文件</Filter>
    </ClInclude>
    <ClInclude Include="ObjectOutput.h">
      <Filter>头文件</Filter>
    </ClInclude>
    <ClInclude Include="ObjectOutput_1D_Mechanics.h">
      <Filter>头文件</Filter>
    </ClInclude>
    <ClInclude Include="ObjectOutput_2D_Mechanics.h">
      <Filter>头文件</Filter>
    </ClInclude>
    <ClInclude Include="FileBuffer.h">
      <Filter>头文件</Filter>
    </ClInclude>
    <ClInclude Include="TmpDataToHdf5.h">
      <Filter>头文件</Filter>
    </ClInclude>
    <ClInclude Include="ObjectOutput_1D_Hydromechanics.h">
      <Filter>头文件</Filter>
    </ClInclude>
    <ClInclude Include="Solver_1D_Hydromechanics_1D2_Explicit_FixedMem.h">
      <Filter>头文件</Filter>
    </ClInclude>
    <ClInclude Include="Solver_Test.h">
      <Filter>头文件</Filter>
    </ClInclude>
  </ItemGroup>
</Project>